// !$*UTF8*$!
{
	archiveVersion = 1;
	classes = {
	};
	objectVersion = 55;
	objects = {

/* Begin PBXBuildFile section */
		CF46ADBE2802D126000D0F94 /* AppDelegate.swift in Sources */ = {isa = PBXBuildFile; fileRef = CF46ADBD2802D126000D0F94 /* AppDelegate.swift */; };
		CF46ADC02802D126000D0F94 /* SceneDelegate.swift in Sources */ = {isa = PBXBuildFile; fileRef = CF46ADBF2802D126000D0F94 /* SceneDelegate.swift */; };
		CF46ADC22802D126000D0F94 /* ViewController.swift in Sources */ = {isa = PBXBuildFile; fileRef = CF46ADC12802D126000D0F94 /* ViewController.swift */; };
		CF46ADC52802D126000D0F94 /* Main.storyboard in Resources */ = {isa = PBXBuildFile; fileRef = CF46ADC32802D126000D0F94 /* Main.storyboard */; };
		CF46ADC72802D12B000D0F94 /* Assets.xcassets in Resources */ = {isa = PBXBuildFile; fileRef = CF46ADC62802D12B000D0F94 /* Assets.xcassets */; };
		CF46ADCA2802D12B000D0F94 /* LaunchScreen.storyboard in Resources */ = {isa = PBXBuildFile; fileRef = CF46ADC82802D12B000D0F94 /* LaunchScreen.storyboard */; };
		CF46ADD32802D70B000D0F94 /* Realm in Frameworks */ = {isa = PBXBuildFile; productRef = CF46ADD22802D70B000D0F94 /* Realm */; };
		CF46ADD52802D70B000D0F94 /* RealmSwift in Frameworks */ = {isa = PBXBuildFile; productRef = CF46ADD42802D70B000D0F94 /* RealmSwift */; };
		CF46ADD72802E2B0000D0F94 /* memo.swift in Sources */ = {isa = PBXBuildFile; fileRef = CF46ADD62802E2B0000D0F94 /* memo.swift */; };
/* End PBXBuildFile section */

/* Begin PBXFileReference section */
		CF46ADBA2802D126000D0F94 /* DatabaseRealm.app */ = {isa = PBXFileReference; explicitFileType = wrapper.application; includeInIndex = 0; path = DatabaseRealm.app; sourceTree = BUILT_PRODUCTS_DIR; };
		CF46ADBD2802D126000D0F94 /* AppDelegate.swift */ = {isa = PBXFileReference; lastKnownFileType = sourcecode.swift; path = AppDelegate.swift; sourceTree = "<group>"; };
		CF46ADBF2802D126000D0F94 /* SceneDelegate.swift */ = {isa = PBXFileReference; lastKnownFileType = sourcecode.swift; path = SceneDelegate.swift; sourceTree = "<group>"; };
		CF46ADC12802D126000D0F94 /* ViewController.swift */ = {isa = PBXFileReference; lastKnownFileType = sourcecode.swift; path = ViewController.swift; sourceTree = "<group>"; };
		CF46ADC42802D126000D0F94 /* Base */ = {isa = PBXFileReference; lastKnownFileType = file.storyboard; name = Base; path = Base.lproj/Main.storyboard; sourceTree = "<group>"; };
		CF46ADC62802D12B000D0F94 /* Assets.xcassets */ = {isa = PBXFileReference; lastKnownFileType = folder.assetcatalog; path = Assets.xcassets; sourceTree = "<group>"; };
		CF46ADC92802D12B000D0F94 /* Base */ = {isa = PBXFileReference; lastKnownFileType = file.storyboard; name = Base; path = Base.lproj/LaunchScreen.storyboard; sourceTree = "<group>"; };
		CF46ADCB2802D12B000D0F94 /* Info.plist */ = {isa = PBXFileReference; lastKnownFileType = text.plist.xml; path = Info.plist; sourceTree = "<group>"; };
		CF46ADD62802E2B0000D0F94 /* memo.swift */ = {isa = PBXFileReference; lastKnownFileType = sourcecode.swift; path = memo.swift; sourceTree = "<group>"; };
/* End PBXFileReference section */

/* Begin PBXFrameworksBuildPhase section */
		CF46ADB72802D125000D0F94 /* Frameworks */ = {
			isa = PBXFrameworksBuildPhase;
			buildActionMask = 2147483647;
			files = (
				CF46ADD52802D70B000D0F94 /* RealmSwift in Frameworks */,
				CF46ADD32802D70B000D0F94 /* Realm in Frameworks */,
			);
			runOnlyForDeploymentPostprocessing = 0;
		};
/* End PBXFrameworksBuildPhase section */

/* Begin PBXGroup section */
		CF46ADB12802D125000D0F94 = {
			isa = PBXGroup;
			children = (
				CF46ADBC2802D126000D0F94 /* DatabaseRealm */,
				CF46ADBB2802D126000D0F94 /* Products */,
			);
			sourceTree = "<group>";
		};
		CF46ADBB2802D126000D0F94 /* Products */ = {
			isa = PBXGroup;
			children = (
				CF46ADBA2802D126000D0F94 /* DatabaseRealm.app */,
			);
			name = Products;
			sourceTree = "<group>";
		};
		CF46ADBC2802D126000D0F94 /* DatabaseRealm */ = {
			isa = PBXGroup;
			children = (
				CF46ADBD2802D126000D0F94 /* AppDelegate.swift */,
				CF46ADBF2802D126000D0F94 /* SceneDelegate.swift */,
				CF46ADC12802D126000D0F94 /* ViewController.swift */,
				CF46ADC32802D126000D0F94 /* Main.storyboard */,
				CF46ADD62802E2B0000D0F94 /* memo.swift */,
				CF46ADC62802D12B000D0F94 /* Assets.xcassets */,
				CF46ADC82802D12B000D0F94 /* LaunchScreen.storyboard */,
				CF46ADCB2802D12B000D0F94 /* Info.plist */,
			);
			path = DatabaseRealm;
			sourceTree = "<group>";
		};
/* End PBXGroup section */

/* Begin PBXNativeTarget section */
		CF46ADB92802D125000D0F94 /* DatabaseRealm */ = {
			isa = PBXNativeTarget;
			buildConfigurationList = CF46ADCE2802D12B000D0F94 /* Build configuration list for PBXNativeTarget "DatabaseRealm" */;
			buildPhases = (
				CF46ADB62802D125000D0F94 /* Sources */,
				CF46ADB72802D125000D0F94 /* Frameworks */,
				CF46ADB82802D125000D0F94 /* Resources */,
			);
			buildRules = (
			);
			dependencies = (
			);
			name = DatabaseRealm;
			packageProductDependencies = (
				CF46ADD22802D70B000D0F94 /* Realm */,
				CF46ADD42802D70B000D0F94 /* RealmSwift */,
			);
			productName = DatabaseRealm;
			productReference = CF46ADBA2802D126000D0F94 /* DatabaseRealm.app */;
			productType = "com.apple.product-type.application";
		};
/* End PBXNativeTarget section */

/* Begin PBXProject section */
		CF46ADB22802D125000D0F94 /* Project object */ = {
			isa = PBXProject;
			attributes = {
				BuildIndependentTargetsInParallel = 1;
				LastSwiftUpdateCheck = 1330;
				LastUpgradeCheck = 1330;
				TargetAttributes = {
					CF46ADB92802D125000D0F94 = {
						CreatedOnToolsVersion = 13.3;
					};
				};
			};
			buildConfigurationList = CF46ADB52802D125000D0F94 /* Build configuration list for PBXProject "DatabaseRealm" */;
			compatibilityVersion = "Xcode 13.0";
			developmentRegion = en;
			hasScannedForEncodings = 0;
			knownRegions = (
				en,
				Base,
			);
			mainGroup = CF46ADB12802D125000D0F94;
			packageReferences = (
				CF46ADD12802D70B000D0F94 /* XCRemoteSwiftPackageReference "realm-swift" */,
			);
			productRefGroup = CF46ADBB2802D126000D0F94 /* Products */;
			projectDirPath = "";
			projectRoot = "";
			targets = (
				CF46ADB92802D125000D0F94 /* DatabaseRealm */,
			);
		};
/* End PBXProject section */

/* Begin PBXResourcesBuildPhase section */
		CF46ADB82802D125000D0F94 /* Resources */ = {
			isa = PBXResourcesBuildPhase;
			buildActionMask = 2147483647;
			files = (
				CF46ADCA2802D12B000D0F94 /* LaunchScreen.storyboard in Resources */,
				CF46ADC72802D12B000D0F94 /* Assets.xcassets in Resources */,
				CF46ADC52802D126000D0F94 /* Main.storyboard in Resources */,
			);
			runOnlyForDeploymentPostprocessing = 0;
		};
/* End PBXResourcesBuildPhase section */

/* Begin PBXSourcesBuildPhase section */
		CF46ADB62802D125000D0F94 /* Sources */ = {
			isa = PBXSourcesBuildPhase;
			buildActionMask = 2147483647;
			files = (
				CF46ADC22802D126000D0F94 /* ViewController.swift in Sources */,
				CF46ADBE2802D126000D0F94 /* AppDelegate.swift in Sources */,
				CF46ADC02802D126000D0F94 /* SceneDelegate.swift in Sources */,
				CF46ADD72802E2B0000D0F94 /* memo.swift in Sources */,
			);
			runOnlyForDeploymentPostprocessing = 0;
		};
/* End PBXSourcesBuildPhase section */

/* Begin PBXVariantGroup section */
		CF46ADC32802D126000D0F94 /* Main.storyboard */ = {
			isa = PBXVariantGroup;
			children = (
				CF46ADC42802D126000D0F94 /* Base */,
			);
			name = Main.storyboard;
			sourceTree = "<group>";
		};
		CF46ADC82802D12B000D0F94 /* LaunchScreen.storyboard */ = {
			isa = PBXVariantGroup;
			children = (
				CF46ADC92802D12B000D0F94 /* Base */,
			);
			name = LaunchScreen.storyboard;
			sourceTree = "<group>";
		};
/* End PBXVariantGroup section */

/* Begin XCBuildConfiguration section */
		CF46ADCC2802D12B000D0F94 /* Debug */ = {
			isa = XCBuildConfiguration;
			buildSettings = {
				ALWAYS_SEARCH_USER_PATHS = NO;
				CLANG_ANALYZER_NONNULL = YES;
				CLANG_ANALYZER_NUMBER_OBJECT_CONVERSION = YES_AGGRESSIVE;
				CLANG_CXX_LANGUAGE_STANDARD = "gnu++17";
				CLANG_ENABLE_MODULES = YES;
				CLANG_ENABLE_OBJC_ARC = YES;
				CLANG_ENABLE_OBJC_WEAK = YES;
				CLANG_WARN_BLOCK_CAPTURE_AUTORELEASING = YES;
				CLANG_WARN_BOOL_CONVERSION = YES;
				CLANG_WARN_COMMA = YES;
				CLANG_WARN_CONSTANT_CONVERSION = YES;
				CLANG_WARN_DEPRECATED_OBJC_IMPLEMENTATIONS = YES;
				CLANG_WARN_DIRECT_OBJC_ISA_USAGE = YES_ERROR;
				CLANG_WARN_DOCUMENTATION_COMMENTS = YES;
				CLANG_WARN_EMPTY_BODY = YES;
				CLANG_WARN_ENUM_CONVERSION = YES;
				CLANG_WARN_INFINITE_RECURSION = YES;
				CLANG_WARN_INT_CONVERSION = YES;
				CLANG_WARN_NON_LITERAL_NULL_CONVERSION = YES;
				CLANG_WARN_OBJC_IMPLICIT_RETAIN_SELF = YES;
				CLANG_WARN_OBJC_LITERAL_CONVERSION = YES;
				CLANG_WARN_OBJC_ROOT_CLASS = YES_ERROR;
				CLANG_WARN_QUOTED_INCLUDE_IN_FRAMEWORK_HEADER = YES;
				CLANG_WARN_RANGE_LOOP_ANALYSIS = YES;
				CLANG_WARN_STRICT_PROTOTYPES = YES;
				CLANG_WARN_SUSPICIOUS_MOVE = YES;
				CLANG_WARN_UNGUARDED_AVAILABILITY = YES_AGGRESSIVE;
				CLANG_WARN_UNREACHABLE_CODE = YES;
				CLANG_WARN__DUPLICATE_METHOD_MATCH = YES;
				COPY_PHASE_STRIP = NO;
				DEBUG_INFORMATION_FORMAT = dwarf;
				ENABLE_STRICT_OBJC_MSGSEND = YES;
				ENABLE_TESTABILITY = YES;
				GCC_C_LANGUAGE_STANDARD = gnu11;
				GCC_DYNAMIC_NO_PIC = NO;
				GCC_NO_COMMON_BLOCKS = YES;
				GCC_OPTIMIZATION_LEVEL = 0;
				GCC_PREPROCESSOR_DEFINITIONS = (
					"DEBUG=1",
					"$(inherited)",
				);
				GCC_WARN_64_TO_32_BIT_CONVERSION = YES;
				GCC_WARN_ABOUT_RETURN_TYPE = YES_ERROR;
				GCC_WARN_UNDECLARED_SELECTOR = YES;
				GCC_WARN_UNINITIALIZED_AUTOS = YES_AGGRESSIVE;
				GCC_WARN_UNUSED_FUNCTION = YES;
				GCC_WARN_UNUSED_VARIABLE = YES;
				IPHONEOS_DEPLOYMENT_TARGET = 15.4;
				MTL_ENABLE_DEBUG_INFO = INCLUDE_SOURCE;
				MTL_FAST_MATH = YES;
				ONLY_ACTIVE_ARCH = YES;
				SDKROOT = iphoneos;
				SWIFT_ACTIVE_COMPILATION_CONDITIONS = DEBUG;
				SWIFT_OPTIMIZATION_LEVEL = "-Onone";
			};
			name = Debug;
		};
		CF46ADCD2802D12B000D0F94 /* Release */ = {
			isa = XCBuildConfiguration;
			buildSettings = {
				ALWAYS_SEARCH_USER_PATHS = NO;
				CLANG_ANALYZER_NONNULL = YES;
				CLANG_ANALYZER_NUMBER_OBJECT_CONVERSION = YES_AGGRESSIVE;
				CLANG_CXX_LANGUAGE_STANDARD = "gnu++17";
				CLANG_ENABLE_MODULES = YES;
				CLANG_ENABLE_OBJC_ARC = YES;
				CLANG_ENABLE_OBJC_WEAK = YES;
				CLANG_WARN_BLOCK_CAPTURE_AUTORELEASING = YES;
				CLANG_WARN_BOOL_CONVERSION = YES;
				CLANG_WARN_COMMA = YES;
				CLANG_WARN_CONSTANT_CONVERSION = YES;
				CLANG_WARN_DEPRECATED_OBJC_IMPLEMENTATIONS = YES;
				CLANG_WARN_DIRECT_OBJC_ISA_USAGE = YES_ERROR;
				CLANG_WARN_DOCUMENTATION_COMMENTS = YES;
				CLANG_WARN_EMPTY_BODY = YES;
				CLANG_WARN_ENUM_CONVERSION = YES;
				CLANG_WARN_INFINITE_RECURSION = YES;
				CLANG_WARN_INT_CONVERSION = YES;
				CLANG_WARN_NON_LITERAL_NULL_CONVERSION = YES;
				CLANG_WARN_OBJC_IMPLICIT_RETAIN_SELF = YES;
				CLANG_WARN_OBJC_LITERAL_CONVERSION = YES;
				CLANG_WARN_OBJC_ROOT_CLASS = YES_ERROR;
				CLANG_WARN_QUOTED_INCLUDE_IN_FRAMEWORK_HEADER = YES;
				CLANG_WARN_RANGE_LOOP_ANALYSIS = YES;
				CLANG_WARN_STRICT_PROTOTYPES = YES;
				CLANG_WARN_SUSPICIOUS_MOVE = YES;
				CLANG_WARN_UNGUARDED_AVAILABILITY = YES_AGGRESSIVE;
				CLANG_WARN_UNREACHABLE_CODE = YES;
				CLANG_WARN__DUPLICATE_METHOD_MATCH = YES;
				COPY_PHASE_STRIP = NO;
				DEBUG_INFORMATION_FORMAT = "dwarf-with-dsym";
				ENABLE_NS_ASSERTIONS = NO;
				ENABLE_STRICT_OBJC_MSGSEND = YES;
				GCC_C_LANGUAGE_STANDARD = gnu11;
				GCC_NO_COMMON_BLOCKS = YES;
				GCC_WARN_64_TO_32_BIT_CONVERSION = YES;
				GCC_WARN_ABOUT_RETURN_TYPE = YES_ERROR;
				GCC_WARN_UNDECLARED_SELECTOR = YES;
				GCC_WARN_UNINITIALIZED_AUTOS = YES_AGGRESSIVE;
				GCC_WARN_UNUSED_FUNCTION = YES;
				GCC_WARN_UNUSED_VARIABLE = YES;
				IPHONEOS_DEPLOYMENT_TARGET = 15.4;
				MTL_ENABLE_DEBUG_INFO = NO;
				MTL_FAST_MATH = YES;
				SDKROOT = iphoneos;
				SWIFT_COMPILATION_MODE = wholemodule;
				SWIFT_OPTIMIZATION_LEVEL = "-O";
				VALIDATE_PRODUCT = YES;
			};
			name = Release;
		};
		CF46ADCF2802D12B000D0F94 /* Debug */ = {
			isa = XCBuildConfiguration;
			buildSettings = {
				ASSETCATALOG_COMPILER_APPICON_NAME = AppIcon;
				ASSETCATALOG_COMPILER_GLOBAL_ACCENT_COLOR_NAME = AccentColor;
				CODE_SIGN_STYLE = Automatic;
				CURRENT_PROJECT_VERSION = 1;
				DEVELOPMENT_TEAM = 448ND4F7JA;
				GENERATE_INFOPLIST_FILE = YES;
				INFOPLIST_FILE = DatabaseRealm/Info.plist;
				INFOPLIST_KEY_UIApplicationSupportsIndirectInputEvents = YES;
				INFOPLIST_KEY_UILaunchStoryboardName = LaunchScreen;
				INFOPLIST_KEY_UIMainStoryboardFile = Main;
				INFOPLIST_KEY_UISupportedInterfaceOrientations_iPad = "UIInterfaceOrientationPortrait UIInterfaceOrientationPortraitUpsideDown UIInterfaceOrientationLandscapeLeft UIInterfaceOrientationLandscapeRight";
				INFOPLIST_KEY_UISupportedInterfaceOrientations_iPhone = "UIInterfaceOrientationPortrait UIInterfaceOrientationLandscapeLeft UIInterfaceOrientationLandscapeRight";
				LD_RUNPATH_SEARCH_PATHS = (
					"$(inherited)",
					"@executable_path/Frameworks",
				);
				MARKETING_VERSION = 1.0;
				PRODUCT_BUNDLE_IDENTIFIER = "moc.liamg-iakeomomomas-.DatabaseRealm";
				PRODUCT_NAME = "$(TARGET_NAME)";
				SWIFT_EMIT_LOC_STRINGS = YES;
				SWIFT_VERSION = 5.0;
				TARGETED_DEVICE_FAMILY = "1,2";
			};
			name = Debug;
		};
		CF46ADD02802D12B000D0F94 /* Release */ = {
			isa = XCBuildConfiguration;
			buildSettings = {
				ASSETCATALOG_COMPILER_APPICON_NAME = AppIcon;
				ASSETCATALOG_COMPILER_GLOBAL_ACCENT_COLOR_NAME = AccentColor;
				CODE_SIGN_STYLE = Automatic;
				CURRENT_PROJECT_VERSION = 1;
				DEVELOPMENT_TEAM = 448ND4F7JA;
				GENERATE_INFOPLIST_FILE = YES;
				INFOPLIST_FILE = DatabaseRealm/Info.plist;
				INFOPLIST_KEY_UIApplicationSupportsIndirectInputEvents = YES;
				INFOPLIST_KEY_UILaunchStoryboardName = LaunchScreen;
				INFOPLIST_KEY_UIMainStoryboardFile = Main;
				INFOPLIST_KEY_UISupportedInterfaceOrientations_iPad = "UIInterfaceOrientationPortrait UIInterfaceOrientationPortraitUpsideDown UIInterfaceOrientationLandscapeLeft UIInterfaceOrientationLandscapeRight";
				INFOPLIST_KEY_UISupportedInterfaceOrientations_iPhone = "UIInterfaceOrientationPortrait UIInterfaceOrientationLandscapeLeft UIInterfaceOrientationLandscapeRight";
				LD_RUNPATH_SEARCH_PATHS = (
					"$(inherited)",
					"@executable_path/Frameworks",
				);
				MARKETING_VERSION = 1.0;
				PRODUCT_BUNDLE_IDENTIFIER = "moc.liamg-iakeomomomas-.DatabaseRealm";
				PRODUCT_NAME = "$(TARGET_NAME)";
				SWIFT_EMIT_LOC_STRINGS = YES;
				SWIFT_VERSION = 5.0;
				TARGETED_DEVICE_FAMILY = "1,2";
			};
			name = Release;
		};
/* End XCBuildConfiguration section */

/* Begin XCConfigurationList section */
		CF46ADB52802D125000D0F94 /* Build configuration list for PBXProject "DatabaseRealm" */ = {
			isa = XCConfigurationList;
			buildConfigurations = (
				CF46ADCC2802D12B000D0F94 /* Debug */,
				CF46ADCD2802D12B000D0F94 /* Release */,
			);
			defaultConfigurationIsVisible = 0;
			defaultConfigurationName = Release;
		};
		CF46ADCE2802D12B000D0F94 /* Build configuration list for PBXNativeTarget "DatabaseRealm" */ = {
			isa = XCConfigurationList;
			buildConfigurations = (
				CF46ADCF2802D12B000D0F94 /* Debug */,
				CF46ADD02802D12B000D0F94 /* Release */,
			);
			defaultConfigurationIsVisible = 0;
			defaultConfigurationName = Release;
		};
/* End XCConfigurationList section */

/* Begin XCRemoteSwiftPackageReference section */
		CF46ADD12802D70B000D0F94 /* XCRemoteSwiftPackageReference "realm-swift" */ = {
			isa = XCRemoteSwiftPackageReference;
			repositoryURL = "https://github.com/realm/realm-swift";
			requirement = {
				branch = master;
				kind = branch;
			};
		};
/* End XCRemoteSwiftPackageReference section */

/* Begin XCSwiftPackageProductDependency section */
		CF46ADD22802D70B000D0F94 /* Realm */ = {
			isa = XCSwiftPackageProductDependency;
			package = CF46ADD12802D70B000D0F94 /* XCRemoteSwiftPackageReference "realm-swift" */;
			productName = Realm;
		};
		CF46ADD42802D70B000D0F94 /* RealmSwift */ = {
			isa = XCSwiftPackageProductDependency;
			package = CF46ADD12802D70B000D0F94 /* XCRemoteSwiftPackageReference "realm-swift" */;
			productName = RealmSwift;
		};
/* End XCSwiftPackageProductDependency section */
	};
	rootObject = CF46ADB22802D125000D0F94 /* Project object */;
}
